
Microsoft Visual Studio Solution File, Format Version 12.00
# Visual Studio Version 16
VisualStudioVersion = 16.0.29613.14
MinimumVisualStudioVersion = 10.0.40219.1
Project("{FAE04EC0-301F-11D3-BF4B-00C04F79EFBC}") = "Starz.FruitCalculator", "Starz.FruitCalculator\Starz.FruitCalculator.csproj", "{F11A2B3D-E638-4862-B76F-A45974BB3813}"
EndProject
Project("{FAE04EC0-301F-11D3-BF4B-00C04F79EFBC}") = "Starz.FruitCalculator.Tests", "Starz.FruitCalculator.Tests\Starz.FruitCalculator.Tests.csproj", "{41C750CC-14A0-496E-B33C-C55E7538A3CD}"
EndProject
Global
	GlobalSection(SolutionConfigurationPlatforms) = preSolution
		Debug|Any CPU = Debug|Any CPU
		Release|Any CPU = Release|Any CPU
	EndGlobalSection
	GlobalSection(ProjectConfigurationPlatforms) = postSolution
		{F11A2B3D-E638-4862-B76F-A45974BB3813}.Debug|Any CPU.ActiveCfg = Debug|Any CPU
		{F11A2B3D-E638-4862-B76F-A45974BB3813}.Debug|Any CPU.Build.0 = Debug|Any CPU
		{F11A2B3D-E638-4862-B76F-A45974BB3813}.Release|Any CPU.ActiveCfg = Release|Any CPU
		{F11A2B3D-E638-4862-B76F-A45974BB3813}.Release|Any CPU.Build.0 = Release|Any CPU
		{41C750CC-14A0-496E-B33C-C55E7538A3CD}.Debug|Any CPU.ActiveCfg = Debug|Any CPU
		{41C750CC-14A0-496E-B33C-C55E7538A3CD}.Debug|Any CPU.Build.0 = Debug|Any CPU
		{41C750CC-14A0-496E-B33C-C55E7538A3CD}.Release|Any CPU.ActiveCfg = Release|Any CPU
		{41C750CC-14A0-496E-B33C-C55E7538A3CD}.Release|Any CPU.Build.0 = Release|Any CPU
	EndGlobalSection
	GlobalSection(SolutionProperties) = preSolution
		HideSolutionNode = FALSE
	EndGlobalSection
	GlobalSection(ExtensibilityGlobals) = postSolution
		SolutionGuid = {D6F01534-E37B-4BF4-9EEA-19BDBDA14A1D}
	EndGlobalSection
EndGlobal
